// !$*UTF8*$!
{
	archiveVersion = 1;
	classes = {
	};
	objectVersion = 56;
	objects = {

/* Begin PBXBuildFile section */
		C50259D52BE3AF1A00CA2589 /* CommonCustomClass.swift in Sources */ = {isa = PBXBuildFile; fileRef = C50259D42BE3AF1A00CA2589 /* CommonCustomClass.swift */; };
		C538B4962BE36322000C9A94 /* AppDelegate.swift in Sources */ = {isa = PBXBuildFile; fileRef = C538B4952BE36322000C9A94 /* AppDelegate.swift */; };
		C538B4982BE36322000C9A94 /* SceneDelegate.swift in Sources */ = {isa = PBXBuildFile; fileRef = C538B4972BE36322000C9A94 /* SceneDelegate.swift */; };
		C538B49A2BE36322000C9A94 /* PostListViewController.swift in Sources */ = {isa = PBXBuildFile; fileRef = C538B4992BE36322000C9A94 /* PostListViewController.swift */; };
		C538B49D2BE36322000C9A94 /* Main.storyboard in Resources */ = {isa = PBXBuildFile; fileRef = C538B49B2BE36322000C9A94 /* Main.storyboard */; };
		C538B49F2BE36325000C9A94 /* Assets.xcassets in Resources */ = {isa = PBXBuildFile; fileRef = C538B49E2BE36325000C9A94 /* Assets.xcassets */; };
		C538B4A22BE36325000C9A94 /* LaunchScreen.storyboard in Resources */ = {isa = PBXBuildFile; fileRef = C538B4A02BE36325000C9A94 /* LaunchScreen.storyboard */; };
		C538B4AE2BE36475000C9A94 /* PostModel.swift in Sources */ = {isa = PBXBuildFile; fileRef = C538B4AD2BE36475000C9A94 /* PostModel.swift */; };
		C538B4B22BE36C2B000C9A94 /* WebServices.swift in Sources */ = {isa = PBXBuildFile; fileRef = C538B4B12BE36C2B000C9A94 /* WebServices.swift */; };
		C538B4B52BE37409000C9A94 /* PostListTableViewCell.swift in Sources */ = {isa = PBXBuildFile; fileRef = C538B4B42BE37409000C9A94 /* PostListTableViewCell.swift */; };
		C5E9286A2BE3B8750091F124 /* PostDetailTableViewCell.swift in Sources */ = {isa = PBXBuildFile; fileRef = C5E928692BE3B8750091F124 /* PostDetailTableViewCell.swift */; };
		C5EE562E2BE3B4D800068AD2 /* PostDetailView.swift in Sources */ = {isa = PBXBuildFile; fileRef = C5EE562D2BE3B4D800068AD2 /* PostDetailView.swift */; };
/* End PBXBuildFile section */

/* Begin PBXFileReference section */
		C50259D42BE3AF1A00CA2589 /* CommonCustomClass.swift */ = {isa = PBXFileReference; lastKnownFileType = sourcecode.swift; path = CommonCustomClass.swift; sourceTree = "<group>"; };
		C538B4922BE36322000C9A94 /* Test Assignment.app */ = {isa = PBXFileReference; explicitFileType = wrapper.application; includeInIndex = 0; path = "Test Assignment.app"; sourceTree = BUILT_PRODUCTS_DIR; };
		C538B4952BE36322000C9A94 /* AppDelegate.swift */ = {isa = PBXFileReference; lastKnownFileType = sourcecode.swift; path = AppDelegate.swift; sourceTree = "<group>"; };
		C538B4972BE36322000C9A94 /* SceneDelegate.swift */ = {isa = PBXFileReference; lastKnownFileType = sourcecode.swift; path = SceneDelegate.swift; sourceTree = "<group>"; };
		C538B4992BE36322000C9A94 /* PostListViewController.swift */ = {isa = PBXFileReference; lastKnownFileType = sourcecode.swift; path = PostListViewController.swift; sourceTree = "<group>"; };
		C538B49C2BE36322000C9A94 /* Base */ = {isa = PBXFileReference; lastKnownFileType = file.storyboard; name = Base; path = Base.lproj/Main.storyboard; sourceTree = "<group>"; };
		C538B49E2BE36325000C9A94 /* Assets.xcassets */ = {isa = PBXFileReference; lastKnownFileType = folder.assetcatalog; path = Assets.xcassets; sourceTree = "<group>"; };
		C538B4A12BE36325000C9A94 /* Base */ = {isa = PBXFileReference; lastKnownFileType = file.storyboard; name = Base; path = Base.lproj/LaunchScreen.storyboard; sourceTree = "<group>"; };
		C538B4A32BE36325000C9A94 /* Info.plist */ = {isa = PBXFileReference; lastKnownFileType = text.plist.xml; path = Info.plist; sourceTree = "<group>"; };
		C538B4AD2BE36475000C9A94 /* PostModel.swift */ = {isa = PBXFileReference; lastKnownFileType = sourcecode.swift; path = PostModel.swift; sourceTree = "<group>"; };
		C538B4B12BE36C2B000C9A94 /* WebServices.swift */ = {isa = PBXFileReference; lastKnownFileType = sourcecode.swift; path = WebServices.swift; sourceTree = "<group>"; };
		C538B4B42BE37409000C9A94 /* PostListTableViewCell.swift */ = {isa = PBXFileReference; lastKnownFileType = sourcecode.swift; path = PostListTableViewCell.swift; sourceTree = "<group>"; };
		C5E928692BE3B8750091F124 /* PostDetailTableViewCell.swift */ = {isa = PBXFileReference; lastKnownFileType = sourcecode.swift; path = PostDetailTableViewCell.swift; sourceTree = "<group>"; };
		C5EE562D2BE3B4D800068AD2 /* PostDetailView.swift */ = {isa = PBXFileReference; lastKnownFileType = sourcecode.swift; path = PostDetailView.swift; sourceTree = "<group>"; };
/* End PBXFileReference section */

/* Begin PBXFrameworksBuildPhase section */
		C538B48F2BE36321000C9A94 /* Frameworks */ = {
			isa = PBXFrameworksBuildPhase;
			buildActionMask = 2147483647;
			files = (
			);
			runOnlyForDeploymentPostprocessing = 0;
		};
/* End PBXFrameworksBuildPhase section */

/* Begin PBXGroup section */
		C50259CF2BE3A59F00CA2589 /* PostListTableViewCell */ = {
			isa = PBXGroup;
			children = (
				C538B4B42BE37409000C9A94 /* PostListTableViewCell.swift */,
			);
			path = PostListTableViewCell;
			sourceTree = "<group>";
		};
		C50259D02BE3AC0F00CA2589 /* DetailView */ = {
			isa = PBXGroup;
			children = (
				C5E928682BE3B8490091F124 /* PostDetailTableViewCell */,
				C5EE562D2BE3B4D800068AD2 /* PostDetailView.swift */,
			);
			path = DetailView;
			sourceTree = "<group>";
		};
		C50259D32BE3AED200CA2589 /* Common */ = {
			isa = PBXGroup;
			children = (
				C50259D42BE3AF1A00CA2589 /* CommonCustomClass.swift */,
			);
			path = Common;
			sourceTree = "<group>";
		};
		C538B4892BE36321000C9A94 = {
			isa = PBXGroup;
			children = (
				C538B4942BE36322000C9A94 /* Test Assignment */,
				C538B4932BE36322000C9A94 /* Products */,
			);
			sourceTree = "<group>";
		};
		C538B4932BE36322000C9A94 /* Products */ = {
			isa = PBXGroup;
			children = (
				C538B4922BE36322000C9A94 /* Test Assignment.app */,
			);
			name = Products;
			sourceTree = "<group>";
		};
		C538B4942BE36322000C9A94 /* Test Assignment */ = {
			isa = PBXGroup;
			children = (
				C50259D32BE3AED200CA2589 /* Common */,
				C538B4B02BE36B73000C9A94 /* WebServices */,
				C538B4AA2BE363E2000C9A94 /* Model */,
				C538B4AB2BE363FB000C9A94 /* View */,
				C538B4AC2BE36411000C9A94 /* Controller */,
				C538B4A92BE36397000C9A94 /* Delegates */,
				C538B49E2BE36325000C9A94 /* Assets.xcassets */,
				C538B4A32BE36325000C9A94 /* Info.plist */,
			);
			path = "Test Assignment";
			sourceTree = "<group>";
		};
		C538B4A92BE36397000C9A94 /* Delegates */ = {
			isa = PBXGroup;
			children = (
				C538B4972BE36322000C9A94 /* SceneDelegate.swift */,
				C538B4952BE36322000C9A94 /* AppDelegate.swift */,
			);
			path = Delegates;
			sourceTree = "<group>";
		};
		C538B4AA2BE363E2000C9A94 /* Model */ = {
			isa = PBXGroup;
			children = (
				C538B4AD2BE36475000C9A94 /* PostModel.swift */,
			);
			path = Model;
			sourceTree = "<group>";
		};
		C538B4AB2BE363FB000C9A94 /* View */ = {
			isa = PBXGroup;
			children = (
				C538B49B2BE36322000C9A94 /* Main.storyboard */,
				C538B4A02BE36325000C9A94 /* LaunchScreen.storyboard */,
			);
			path = View;
			sourceTree = "<group>";
		};
		C538B4AC2BE36411000C9A94 /* Controller */ = {
			isa = PBXGroup;
			children = (
				C538B4B32BE373EB000C9A94 /* PostList */,
				C50259D02BE3AC0F00CA2589 /* DetailView */,
			);
			path = Controller;
			sourceTree = "<group>";
		};
		C538B4B02BE36B73000C9A94 /* WebServices */ = {
			isa = PBXGroup;
			children = (
				C538B4B12BE36C2B000C9A94 /* WebServices.swift */,
			);
			path = WebServices;
			sourceTree = "<group>";
		};
		C538B4B32BE373EB000C9A94 /* PostList */ = {
			isa = PBXGroup;
			children = (
				C50259CF2BE3A59F00CA2589 /* PostListTableViewCell */,
				C538B4992BE36322000C9A94 /* PostListViewController.swift */,
			);
			path = PostList;
			sourceTree = "<group>";
		};
		C5E928682BE3B8490091F124 /* PostDetailTableViewCell */ = {
			isa = PBXGroup;
			children = (
				C5E928692BE3B8750091F124 /* PostDetailTableViewCell.swift */,
			);
			path = PostDetailTableViewCell;
			sourceTree = "<group>";
		};
/* End PBXGroup section */

/* Begin PBXNativeTarget section */
		C538B4912BE36321000C9A94 /* Test Assignment */ = {
			isa = PBXNativeTarget;
			buildConfigurationList = C538B4A62BE36325000C9A94 /* Build configuration list for PBXNativeTarget "Test Assignment" */;
			buildPhases = (
				C538B48E2BE36321000C9A94 /* Sources */,
				C538B48F2BE36321000C9A94 /* Frameworks */,
				C538B4902BE36321000C9A94 /* Resources */,
			);
			buildRules = (
			);
			dependencies = (
			);
			name = "Test Assignment";
			productName = "Test Assignment";
			productReference = C538B4922BE36322000C9A94 /* Test Assignment.app */;
			productType = "com.apple.product-type.application";
		};
/* End PBXNativeTarget section */

/* Begin PBXProject section */
		C538B48A2BE36321000C9A94 /* Project object */ = {
			isa = PBXProject;
			attributes = {
				BuildIndependentTargetsInParallel = 1;
				LastSwiftUpdateCheck = 1420;
				LastUpgradeCheck = 1420;
				TargetAttributes = {
					C538B4912BE36321000C9A94 = {
						CreatedOnToolsVersion = 14.2;
					};
				};
			};
			buildConfigurationList = C538B48D2BE36321000C9A94 /* Build configuration list for PBXProject "Test Assignment" */;
			compatibilityVersion = "Xcode 14.0";
			developmentRegion = en;
			hasScannedForEncodings = 0;
			knownRegions = (
				en,
				Base,
			);
			mainGroup = C538B4892BE36321000C9A94;
			productRefGroup = C538B4932BE36322000C9A94 /* Products */;
			projectDirPath = "";
			projectRoot = "";
			targets = (
				C538B4912BE36321000C9A94 /* Test Assignment */,
			);
		};
/* End PBXProject section */

/* Begin PBXResourcesBuildPhase section */
		C538B4902BE36321000C9A94 /* Resources */ = {
			isa = PBXResourcesBuildPhase;
			buildActionMask = 2147483647;
			files = (
				C538B4A22BE36325000C9A94 /* LaunchScreen.storyboard in Resources */,
				C538B49F2BE36325000C9A94 /* Assets.xcassets in Resources */,
				C538B49D2BE36322000C9A94 /* Main.storyboard in Resources */,
			);
			runOnlyForDeploymentPostprocessing = 0;
		};
/* End PBXResourcesBuildPhase section */

/* Begin PBXSourcesBuildPhase section */
		C538B48E2BE36321000C9A94 /* Sources */ = {
			isa = PBXSourcesBuildPhase;
			buildActionMask = 2147483647;
			files = (
				C538B49A2BE36322000C9A94 /* PostListViewController.swift in Sources */,
				C538B4B22BE36C2B000C9A94 /* WebServices.swift in Sources */,
				C50259D52BE3AF1A00CA2589 /* CommonCustomClass.swift in Sources */,
				C5EE562E2BE3B4D800068AD2 /* PostDetailView.swift in Sources */,
				C5E9286A2BE3B8750091F124 /* PostDetailTableViewCell.swift in Sources */,
				C538B4AE2BE36475000C9A94 /* PostModel.swift in Sources */,
				C538B4962BE36322000C9A94 /* AppDelegate.swift in Sources */,
				C538B4982BE36322000C9A94 /* SceneDelegate.swift in Sources */,
				C538B4B52BE37409000C9A94 /* PostListTableViewCell.swift in Sources */,
			);
			runOnlyForDeploymentPostprocessing = 0;
		};
/* End PBXSourcesBuildPhase section */

/* Begin PBXVariantGroup section */
		C538B49B2BE36322000C9A94 /* Main.storyboard */ = {
			isa = PBXVariantGroup;
			children = (
				C538B49C2BE36322000C9A94 /* Base */,
			);
			name = Main.storyboard;
			sourceTree = "<group>";
		};
		C538B4A02BE36325000C9A94 /* LaunchScreen.storyboard */ = {
			isa = PBXVariantGroup;
			children = (
				C538B4A12BE36325000C9A94 /* Base */,
			);
			name = LaunchScreen.storyboard;
			sourceTree = "<group>";
		};
/* End PBXVariantGroup section */

/* Begin XCBuildConfiguration section */
		C538B4A42BE36325000C9A94 /* Debug */ = {
			isa = XCBuildConfiguration;
			buildSettings = {
				ALWAYS_SEARCH_USER_PATHS = NO;
				CLANG_ANALYZER_NONNULL = YES;
				CLANG_ANALYZER_NUMBER_OBJECT_CONVERSION = YES_AGGRESSIVE;
				CLANG_CXX_LANGUAGE_STANDARD = "gnu++20";
				CLANG_ENABLE_MODULES = YES;
				CLANG_ENABLE_OBJC_ARC = YES;
				CLANG_ENABLE_OBJC_WEAK = YES;
				CLANG_WARN_BLOCK_CAPTURE_AUTORELEASING = YES;
				CLANG_WARN_BOOL_CONVERSION = YES;
				CLANG_WARN_COMMA = YES;
				CLANG_WARN_CONSTANT_CONVERSION = YES;
				CLANG_WARN_DEPRECATED_OBJC_IMPLEMENTATIONS = YES;
				CLANG_WARN_DIRECT_OBJC_ISA_USAGE = YES_ERROR;
				CLANG_WARN_DOCUMENTATION_COMMENTS = YES;
				CLANG_WARN_EMPTY_BODY = YES;
				CLANG_WARN_ENUM_CONVERSION = YES;
				CLANG_WARN_INFINITE_RECURSION = YES;
				CLANG_WARN_INT_CONVERSION = YES;
				CLANG_WARN_NON_LITERAL_NULL_CONVERSION = YES;
				CLANG_WARN_OBJC_IMPLICIT_RETAIN_SELF = YES;
				CLANG_WARN_OBJC_LITERAL_CONVERSION = YES;
				CLANG_WARN_OBJC_ROOT_CLASS = YES_ERROR;
				CLANG_WARN_QUOTED_INCLUDE_IN_FRAMEWORK_HEADER = YES;
				CLANG_WARN_RANGE_LOOP_ANALYSIS = YES;
				CLANG_WARN_STRICT_PROTOTYPES = YES;
				CLANG_WARN_SUSPICIOUS_MOVE = YES;
				CLANG_WARN_UNGUARDED_AVAILABILITY = YES_AGGRESSIVE;
				CLANG_WARN_UNREACHABLE_CODE = YES;
				CLANG_WARN__DUPLICATE_METHOD_MATCH = YES;
				COPY_PHASE_STRIP = NO;
				DEBUG_INFORMATION_FORMAT = dwarf;
				ENABLE_STRICT_OBJC_MSGSEND = YES;
				ENABLE_TESTABILITY = YES;
				GCC_C_LANGUAGE_STANDARD = gnu11;
				GCC_DYNAMIC_NO_PIC = NO;
				GCC_NO_COMMON_BLOCKS = YES;
				GCC_OPTIMIZATION_LEVEL = 0;
				GCC_PREPROCESSOR_DEFINITIONS = (
					"DEBUG=1",
					"$(inherited)",
				);
				GCC_WARN_64_TO_32_BIT_CONVERSION = YES;
				GCC_WARN_ABOUT_RETURN_TYPE = YES_ERROR;
				GCC_WARN_UNDECLARED_SELECTOR = YES;
				GCC_WARN_UNINITIALIZED_AUTOS = YES_AGGRESSIVE;
				GCC_WARN_UNUSED_FUNCTION = YES;
				GCC_WARN_UNUSED_VARIABLE = YES;
				IPHONEOS_DEPLOYMENT_TARGET = 16.2;
				MTL_ENABLE_DEBUG_INFO = INCLUDE_SOURCE;
				MTL_FAST_MATH = YES;
				ONLY_ACTIVE_ARCH = YES;
				SDKROOT = iphoneos;
				SWIFT_ACTIVE_COMPILATION_CONDITIONS = DEBUG;
				SWIFT_OPTIMIZATION_LEVEL = "-Onone";
			};
			name = Debug;
		};
		C538B4A52BE36325000C9A94 /* Release */ = {
			isa = XCBuildConfiguration;
			buildSettings = {
				ALWAYS_SEARCH_USER_PATHS = NO;
				CLANG_ANALYZER_NONNULL = YES;
				CLANG_ANALYZER_NUMBER_OBJECT_CONVERSION = YES_AGGRESSIVE;
				CLANG_CXX_LANGUAGE_STANDARD = "gnu++20";
				CLANG_ENABLE_MODULES = YES;
				CLANG_ENABLE_OBJC_ARC = YES;
				CLANG_ENABLE_OBJC_WEAK = YES;
				CLANG_WARN_BLOCK_CAPTURE_AUTORELEASING = YES;
				CLANG_WARN_BOOL_CONVERSION = YES;
				CLANG_WARN_COMMA = YES;
				CLANG_WARN_CONSTANT_CONVERSION = YES;
				CLANG_WARN_DEPRECATED_OBJC_IMPLEMENTATIONS = YES;
				CLANG_WARN_DIRECT_OBJC_ISA_USAGE = YES_ERROR;
				CLANG_WARN_DOCUMENTATION_COMMENTS = YES;
				CLANG_WARN_EMPTY_BODY = YES;
				CLANG_WARN_ENUM_CONVERSION = YES;
				CLANG_WARN_INFINITE_RECURSION = YES;
				CLANG_WARN_INT_CONVERSION = YES;
				CLANG_WARN_NON_LITERAL_NULL_CONVERSION = YES;
				CLANG_WARN_OBJC_IMPLICIT_RETAIN_SELF = YES;
				CLANG_WARN_OBJC_LITERAL_CONVERSION = YES;
				CLANG_WARN_OBJC_ROOT_CLASS = YES_ERROR;
				CLANG_WARN_QUOTED_INCLUDE_IN_FRAMEWORK_HEADER = YES;
				CLANG_WARN_RANGE_LOOP_ANALYSIS = YES;
				CLANG_WARN_STRICT_PROTOTYPES = YES;
				CLANG_WARN_SUSPICIOUS_MOVE = YES;
				CLANG_WARN_UNGUARDED_AVAILABILITY = YES_AGGRESSIVE;
				CLANG_WARN_UNREACHABLE_CODE = YES;
				CLANG_WARN__DUPLICATE_METHOD_MATCH = YES;
				COPY_PHASE_STRIP = NO;
				DEBUG_INFORMATION_FORMAT = "dwarf-with-dsym";
				ENABLE_NS_ASSERTIONS = NO;
				ENABLE_STRICT_OBJC_MSGSEND = YES;
				GCC_C_LANGUAGE_STANDARD = gnu11;
				GCC_NO_COMMON_BLOCKS = YES;
				GCC_WARN_64_TO_32_BIT_CONVERSION = YES;
				GCC_WARN_ABOUT_RETURN_TYPE = YES_ERROR;
				GCC_WARN_UNDECLARED_SELECTOR = YES;
				GCC_WARN_UNINITIALIZED_AUTOS = YES_AGGRESSIVE;
				GCC_WARN_UNUSED_FUNCTION = YES;
				GCC_WARN_UNUSED_VARIABLE = YES;
				IPHONEOS_DEPLOYMENT_TARGET = 16.2;
				MTL_ENABLE_DEBUG_INFO = NO;
				MTL_FAST_MATH = YES;
				SDKROOT = iphoneos;
				SWIFT_COMPILATION_MODE = wholemodule;
				SWIFT_OPTIMIZATION_LEVEL = "-O";
				VALIDATE_PRODUCT = YES;
			};
			name = Release;
		};
		C538B4A72BE36325000C9A94 /* Debug */ = {
			isa = XCBuildConfiguration;
			buildSettings = {
				ASSETCATALOG_COMPILER_APPICON_NAME = AppIcon;
				ASSETCATALOG_COMPILER_GLOBAL_ACCENT_COLOR_NAME = AccentColor;
				CODE_SIGN_STYLE = Automatic;
				CURRENT_PROJECT_VERSION = 1;
				GENERATE_INFOPLIST_FILE = YES;
				INFOPLIST_FILE = "Test Assignment/Info.plist";
				INFOPLIST_KEY_UIApplicationSupportsIndirectInputEvents = YES;
				INFOPLIST_KEY_UILaunchStoryboardName = LaunchScreen;
				INFOPLIST_KEY_UIMainStoryboardFile = Main;
				INFOPLIST_KEY_UISupportedInterfaceOrientations_iPad = "UIInterfaceOrientationPortrait UIInterfaceOrientationPortraitUpsideDown UIInterfaceOrientationLandscapeLeft UIInterfaceOrientationLandscapeRight";
				INFOPLIST_KEY_UISupportedInterfaceOrientations_iPhone = "UIInterfaceOrientationPortrait UIInterfaceOrientationLandscapeLeft UIInterfaceOrientationLandscapeRight";
				LD_RUNPATH_SEARCH_PATHS = (
					"$(inherited)",
					"@executable_path/Frameworks",
				);
				MARKETING_VERSION = 1.0;
				PRODUCT_BUNDLE_IDENTIFIER = "com.jenish.Test-Assignment";
				PRODUCT_NAME = "$(TARGET_NAME)";
				SWIFT_EMIT_LOC_STRINGS = YES;
				SWIFT_VERSION = 5.0;
				TARGETED_DEVICE_FAMILY = "1,2";
			};
			name = Debug;
		};
		C538B4A82BE36325000C9A94 /* Release */ = {
			isa = XCBuildConfiguration;
			buildSettings = {
				ASSETCATALOG_COMPILER_APPICON_NAME = AppIcon;
				ASSETCATALOG_COMPILER_GLOBAL_ACCENT_COLOR_NAME = AccentColor;
				CODE_SIGN_STYLE = Automatic;
				CURRENT_PROJECT_VERSION = 1;
				GENERATE_INFOPLIST_FILE = YES;
				INFOPLIST_FILE = "Test Assignment/Info.plist";
				INFOPLIST_KEY_UIApplicationSupportsIndirectInputEvents = YES;
				INFOPLIST_KEY_UILaunchStoryboardName = LaunchScreen;
				INFOPLIST_KEY_UIMainStoryboardFile = Main;
				INFOPLIST_KEY_UISupportedInterfaceOrientations_iPad = "UIInterfaceOrientationPortrait UIInterfaceOrientationPortraitUpsideDown UIInterfaceOrientationLandscapeLeft UIInterfaceOrientationLandscapeRight";
				INFOPLIST_KEY_UISupportedInterfaceOrientations_iPhone = "UIInterfaceOrientationPortrait UIInterfaceOrientationLandscapeLeft UIInterfaceOrientationLandscapeRight";
				LD_RUNPATH_SEARCH_PATHS = (
					"$(inherited)",
					"@executable_path/Frameworks",
				);
				MARKETING_VERSION = 1.0;
				PRODUCT_BUNDLE_IDENTIFIER = "com.jenish.Test-Assignment";
				PRODUCT_NAME = "$(TARGET_NAME)";
				SWIFT_EMIT_LOC_STRINGS = YES;
				SWIFT_VERSION = 5.0;
				TARGETED_DEVICE_FAMILY = "1,2";
			};
			name = Release;
		};
/* End XCBuildConfiguration section */

/* Begin XCConfigurationList section */
		C538B48D2BE36321000C9A94 /* Build configuration list for PBXProject "Test Assignment" */ = {
			isa = XCConfigurationList;
			buildConfigurations = (
				C538B4A42BE36325000C9A94 /* Debug */,
				C538B4A52BE36325000C9A94 /* Release */,
			);
			defaultConfigurationIsVisible = 0;
			defaultConfigurationName = Release;
		};
		C538B4A62BE36325000C9A94 /* Build configuration list for PBXNativeTarget "Test Assignment" */ = {
			isa = XCConfigurationList;
			buildConfigurations = (
				C538B4A72BE36325000C9A94 /* Debug */,
				C538B4A82BE36325000C9A94 /* Release */,
			);
			defaultConfigurationIsVisible = 0;
			defaultConfigurationName = Release;
		};
/* End XCConfigurationList section */
	};
	rootObject = C538B48A2BE36321000C9A94 /* Project object */;
}
